{
  "name": "app",
  "lockfileVersion": 2,
  "requires": true,
  "packages": {
    "": {
      "devDependencies": {
        "@types/async": "^3.2.5",
        "@types/react-native-restart": "^0.0.0"
      }
    },
    "node_modules/@types/async": {
      "version": "3.2.5",
      "resolved": "https://registry.npmjs.org/@types/async/-/async-3.2.5.tgz",
      "integrity": "sha512-fdtHUdfIxSfU6crUgUOEb6vxdquAOa75bh1sQVL/ePkmQDNo8Aj1056eGGI9cPls5tLRhnAyfoXljEk+hmhbxg==",
      "dev": true
    },
    "node_modules/@types/react-native-restart": {
      "version": "0.0.0",
      "resolved": "https://registry.npmjs.org/@types/react-native-restart/-/react-native-restart-0.0.0.tgz",
      "integrity": "sha512-MLawyWpEkVlzxAZkdWDYabpL4zPRo7oBd1gE683WEr/7szwh+WVIjReSsLdFeRiiFoNuEEjAthnGx2YLFzwHEQ==",
      "dev": true
    }
  },
  "dependencies": {
    "@types/async": {
      "version": "3.2.5",
      "resolved": "https://registry.npmjs.org/@types/async/-/async-3.2.5.tgz",
      "integrity": "sha512-fdtHUdfIxSfU6crUgUOEb6vxdquAOa75bh1sQVL/ePkmQDNo8Aj1056eGGI9cPls5tLRhnAyfoXljEk+hmhbxg==",
      "dev": true
    },
    "@types/react-native-restart": {
      "version": "0.0.0",
      "resolved": "https://registry.npmjs.org/@types/react-native-restart/-/react-native-restart-0.0.0.tgz",
      "integrity": "sha512-MLawyWpEkVlzxAZkdWDYabpL4zPRo7oBd1gE683WEr/7szwh+WVIjReSsLdFeRiiFoNuEEjAthnGx2YLFzwHEQ==",
      "dev": true
    }
  }
}
